
Microsoft Visual Studio Solution File, Format Version 12.00
# Visual Studio Version 16
VisualStudioVersion = 16.0.29613.14
MinimumVisualStudioVersion = 10.0.40219.1
Project("{FAE04EC0-301F-11D3-BF4B-00C04F79EFBC}") = "WebApplication", "WebApplication\WebApplication.csproj", "{66B8FFEC-D2E7-4249-B114-053A2A4E958A}"
EndProject
Project("{FAE04EC0-301F-11D3-BF4B-00C04F79EFBC}") = "BLL", "BLL\BLL.csproj", "{CACEE01E-8243-4B4A-8EEE-3D200B56F66E}"
EndProject
Project("{FAE04EC0-301F-11D3-BF4B-00C04F79EFBC}") = "DAL", "DAL\DAL.csproj", "{E0B06757-979F-4636-B216-ED324E9B2C17}"
EndProject
Project("{FAE04EC0-301F-11D3-BF4B-00C04F79EFBC}") = "Core", "Core\Core.csproj", "{9E1701B8-1060-4704-BAF0-463D64E9FC58}"
EndProject
Global
	GlobalSection(SolutionConfigurationPlatforms) = preSolution
		Debug|Any CPU = Debug|Any CPU
		Release|Any CPU = Release|Any CPU
	EndGlobalSection
	GlobalSection(ProjectConfigurationPlatforms) = postSolution
		{66B8FFEC-D2E7-4249-B114-053A2A4E958A}.Debug|Any CPU.ActiveCfg = Debug|Any CPU
		{66B8FFEC-D2E7-4249-B114-053A2A4E958A}.Debug|Any CPU.Build.0 = Debug|Any CPU
		{66B8FFEC-D2E7-4249-B114-053A2A4E958A}.Release|Any CPU.ActiveCfg = Release|Any CPU
		{66B8FFEC-D2E7-4249-B114-053A2A4E958A}.Release|Any CPU.Build.0 = Release|Any CPU
		{CACEE01E-8243-4B4A-8EEE-3D200B56F66E}.Debug|Any CPU.ActiveCfg = Debug|Any CPU
		{CACEE01E-8243-4B4A-8EEE-3D200B56F66E}.Debug|Any CPU.Build.0 = Debug|Any CPU
		{CACEE01E-8243-4B4A-8EEE-3D200B56F66E}.Release|Any CPU.ActiveCfg = Release|Any CPU
		{CACEE01E-8243-4B4A-8EEE-3D200B56F66E}.Release|Any CPU.Build.0 = Release|Any CPU
		{E0B06757-979F-4636-B216-ED324E9B2C17}.Debug|Any CPU.ActiveCfg = Debug|Any CPU
		{E0B06757-979F-4636-B216-ED324E9B2C17}.Debug|Any CPU.Build.0 = Debug|Any CPU
		{E0B06757-979F-4636-B216-ED324E9B2C17}.Release|Any CPU.ActiveCfg = Release|Any CPU
		{E0B06757-979F-4636-B216-ED324E9B2C17}.Release|Any CPU.Build.0 = Release|Any CPU
		{9E1701B8-1060-4704-BAF0-463D64E9FC58}.Debug|Any CPU.ActiveCfg = Debug|Any CPU
		{9E1701B8-1060-4704-BAF0-463D64E9FC58}.Debug|Any CPU.Build.0 = Debug|Any CPU
		{9E1701B8-1060-4704-BAF0-463D64E9FC58}.Release|Any CPU.ActiveCfg = Release|Any CPU
		{9E1701B8-1060-4704-BAF0-463D64E9FC58}.Release|Any CPU.Build.0 = Release|Any CPU
	EndGlobalSection
	GlobalSection(SolutionProperties) = preSolution
		HideSolutionNode = FALSE
	EndGlobalSection
	GlobalSection(ExtensibilityGlobals) = postSolution
		SolutionGuid = {E852057F-383D-4C98-91C0-AF8D6B424F95}
	EndGlobalSection
EndGlobal
